<?xml version="1.0" encoding="utf-8"?>
<Project ToolsVersion="17.0" xmlns="http://schemas.microsoft.com/developer/msbuild/2003">
  <ItemGroup>
    <CustomBuild Include="C:\dev\repos\MungoG\cursor_boost\libs\json\src\boost_json_gdb_printers.py" />
    <CustomBuild Include="C:\dev\repos\MungoG\cursor_boost\libs\beast2\bin64\CMakeFiles\a6f63f927b54fcb49c95b4f0f396a6a8\boost_json_regenerate_printers.rule">
      <Filter>CMake Rules</Filter>
    </CustomBuild>
    <CustomBuild Include="C:\dev\repos\MungoG\cursor_boost\libs\json\CMakeLists.txt" />
  </ItemGroup>
  <ItemGroup>
    <None Include="C:\dev\repos\MungoG\cursor_boost\libs\beast2\bin64\Dependencies\boost\libs\json\CMakeFiles\boost_json_regenerate_printers" />
  </ItemGroup>
  <ItemGroup>
    <Filter Include="CMake Rules">
      <UniqueIdentifier>{784B0547-0756-3E89-874E-AAC0961264B5}</UniqueIdentifier>
    </Filter>
  </ItemGroup>
</Project>
