<?xml version="1.0" encoding="utf-8"?>
<Project ToolsVersion="17.0" xmlns="http://schemas.microsoft.com/developer/msbuild/2003">
  <ItemGroup>
    <ClCompile Include="C:\dev\repos\MungoG\cursor_boost\libs\capy\test\unit\application.cpp" />
    <ClCompile Include="C:\dev\repos\MungoG\cursor_boost\libs\capy\test\unit\bcrypt.cpp" />
    <ClCompile Include="C:\dev\repos\MungoG\cursor_boost\libs\capy\test\unit\bcrypt\error.cpp">
      <Filter>bcrypt</Filter>
    </ClCompile>
    <ClCompile Include="C:\dev\repos\MungoG\cursor_boost\libs\capy\test\unit\bcrypt\hash.cpp">
      <Filter>bcrypt</Filter>
    </ClCompile>
    <ClCompile Include="C:\dev\repos\MungoG\cursor_boost\libs\capy\test\unit\bcrypt\result.cpp">
      <Filter>bcrypt</Filter>
    </ClCompile>
    <ClCompile Include="C:\dev\repos\MungoG\cursor_boost\libs\capy\test\unit\bcrypt\version.cpp">
      <Filter>bcrypt</Filter>
    </ClCompile>
    <ClCompile Include="C:\dev\repos\MungoG\cursor_boost\libs\capy\test\unit\brotli.cpp" />
    <ClCompile Include="C:\dev\repos\MungoG\cursor_boost\libs\capy\test\unit\brotli\decode.cpp">
      <Filter>brotli</Filter>
    </ClCompile>
    <ClCompile Include="C:\dev\repos\MungoG\cursor_boost\libs\capy\test\unit\brotli\encode.cpp">
      <Filter>brotli</Filter>
    </ClCompile>
    <ClCompile Include="C:\dev\repos\MungoG\cursor_boost\libs\capy\test\unit\brotli\error.cpp">
      <Filter>brotli</Filter>
    </ClCompile>
    <ClCompile Include="C:\dev\repos\MungoG\cursor_boost\libs\capy\test\unit\brotli\shared_dictionary.cpp">
      <Filter>brotli</Filter>
    </ClCompile>
    <ClCompile Include="C:\dev\repos\MungoG\cursor_boost\libs\capy\test\unit\brotli\types.cpp">
      <Filter>brotli</Filter>
    </ClCompile>
    <ClCompile Include="C:\dev\repos\MungoG\cursor_boost\libs\capy\test\unit\buffers\any_read_source.cpp">
      <Filter>buffers</Filter>
    </ClCompile>
    <ClCompile Include="C:\dev\repos\MungoG\cursor_boost\libs\capy\test\unit\buffers\any_sink.cpp">
      <Filter>buffers</Filter>
    </ClCompile>
    <ClCompile Include="C:\dev\repos\MungoG\cursor_boost\libs\capy\test\unit\buffers\any_stream.cpp">
      <Filter>buffers</Filter>
    </ClCompile>
    <ClCompile Include="C:\dev\repos\MungoG\cursor_boost\libs\capy\test\unit\buffers\asio.cpp">
      <Filter>buffers</Filter>
    </ClCompile>
    <ClCompile Include="C:\dev\repos\MungoG\cursor_boost\libs\capy\test\unit\buffers\buffer.cpp">
      <Filter>buffers</Filter>
    </ClCompile>
    <ClCompile Include="C:\dev\repos\MungoG\cursor_boost\libs\capy\test\unit\buffers\buffer_pair.cpp">
      <Filter>buffers</Filter>
    </ClCompile>
    <ClCompile Include="C:\dev\repos\MungoG\cursor_boost\libs\capy\test\unit\buffers\buffers.cpp">
      <Filter>buffers</Filter>
    </ClCompile>
    <ClCompile Include="C:\dev\repos\MungoG\cursor_boost\libs\capy\test\unit\buffers\circular_buffer.cpp">
      <Filter>buffers</Filter>
    </ClCompile>
    <ClCompile Include="C:\dev\repos\MungoG\cursor_boost\libs\capy\test\unit\buffers\copy.cpp">
      <Filter>buffers</Filter>
    </ClCompile>
    <ClCompile Include="C:\dev\repos\MungoG\cursor_boost\libs\capy\test\unit\buffers\data_source.cpp">
      <Filter>buffers</Filter>
    </ClCompile>
    <ClCompile Include="C:\dev\repos\MungoG\cursor_boost\libs\capy\test\unit\buffers\dynamic_buffer.cpp">
      <Filter>buffers</Filter>
    </ClCompile>
    <ClCompile Include="C:\dev\repos\MungoG\cursor_boost\libs\capy\test\unit\buffers\error.cpp">
      <Filter>buffers</Filter>
    </ClCompile>
    <ClCompile Include="C:\dev\repos\MungoG\cursor_boost\libs\capy\test\unit\buffers\flat_buffer.cpp">
      <Filter>buffers</Filter>
    </ClCompile>
    <ClCompile Include="C:\dev\repos\MungoG\cursor_boost\libs\capy\test\unit\buffers\front.cpp">
      <Filter>buffers</Filter>
    </ClCompile>
    <ClCompile Include="C:\dev\repos\MungoG\cursor_boost\libs\capy\test\unit\buffers\io_param.cpp">
      <Filter>buffers</Filter>
    </ClCompile>
    <ClCompile Include="C:\dev\repos\MungoG\cursor_boost\libs\capy\test\unit\buffers\make_buffer.cpp">
      <Filter>buffers</Filter>
    </ClCompile>
    <ClCompile Include="C:\dev\repos\MungoG\cursor_boost\libs\capy\test\unit\buffers\range.cpp">
      <Filter>buffers</Filter>
    </ClCompile>
    <ClCompile Include="C:\dev\repos\MungoG\cursor_boost\libs\capy\test\unit\buffers\read_source.cpp">
      <Filter>buffers</Filter>
    </ClCompile>
    <ClCompile Include="C:\dev\repos\MungoG\cursor_boost\libs\capy\test\unit\buffers\sink.cpp">
      <Filter>buffers</Filter>
    </ClCompile>
    <ClCompile Include="C:\dev\repos\MungoG\cursor_boost\libs\capy\test\unit\buffers\slice.cpp">
      <Filter>buffers</Filter>
    </ClCompile>
    <ClCompile Include="C:\dev\repos\MungoG\cursor_boost\libs\capy\test\unit\buffers\string_buffer.cpp">
      <Filter>buffers</Filter>
    </ClCompile>
    <ClCompile Include="C:\dev\repos\MungoG\cursor_boost\libs\capy\test\unit\buffers\to_string.cpp">
      <Filter>buffers</Filter>
    </ClCompile>
    <ClCompile Include="C:\dev\repos\MungoG\cursor_boost\libs\capy\test\unit\concept\affine_awaitable.cpp">
      <Filter>concept</Filter>
    </ClCompile>
    <ClCompile Include="C:\dev\repos\MungoG\cursor_boost\libs\capy\test\unit\concept\data_source.cpp">
      <Filter>concept</Filter>
    </ClCompile>
    <ClCompile Include="C:\dev\repos\MungoG\cursor_boost\libs\capy\test\unit\concept\dispatcher.cpp">
      <Filter>concept</Filter>
    </ClCompile>
    <ClCompile Include="C:\dev\repos\MungoG\cursor_boost\libs\capy\test\unit\concept\dynamic_buffer.cpp">
      <Filter>concept</Filter>
    </ClCompile>
    <ClCompile Include="C:\dev\repos\MungoG\cursor_boost\libs\capy\test\unit\concept\executor.cpp">
      <Filter>concept</Filter>
    </ClCompile>
    <ClCompile Include="C:\dev\repos\MungoG\cursor_boost\libs\capy\test\unit\concept\frame_allocator.cpp">
      <Filter>concept</Filter>
    </ClCompile>
    <ClCompile Include="C:\dev\repos\MungoG\cursor_boost\libs\capy\test\unit\concept\read_stream.cpp">
      <Filter>concept</Filter>
    </ClCompile>
    <ClCompile Include="C:\dev\repos\MungoG\cursor_boost\libs\capy\test\unit\concept\stoppable_awaitable.cpp">
      <Filter>concept</Filter>
    </ClCompile>
    <ClCompile Include="C:\dev\repos\MungoG\cursor_boost\libs\capy\test\unit\cond.cpp" />
    <ClCompile Include="C:\dev\repos\MungoG\cursor_boost\libs\capy\test\unit\config.cpp" />
    <ClCompile Include="C:\dev\repos\MungoG\cursor_boost\libs\capy\test\unit\core\embed.cpp">
      <Filter>core</Filter>
    </ClCompile>
    <ClCompile Include="C:\dev\repos\MungoG\cursor_boost\libs\capy\test\unit\core\intrusive_list.cpp">
      <Filter>core</Filter>
    </ClCompile>
    <ClCompile Include="C:\dev\repos\MungoG\cursor_boost\libs\capy\test\unit\core\intrusive_queue.cpp">
      <Filter>core</Filter>
    </ClCompile>
    <ClCompile Include="C:\dev\repos\MungoG\cursor_boost\libs\capy\test\unit\core\neunique_ptr.cpp">
      <Filter>core</Filter>
    </ClCompile>
    <ClCompile Include="C:\dev\repos\MungoG\cursor_boost\libs\capy\test\unit\core\polystore.cpp">
      <Filter>core</Filter>
    </ClCompile>
    <ClCompile Include="C:\dev\repos\MungoG\cursor_boost\libs\capy\test\unit\core\polystore_fwd.cpp">
      <Filter>core</Filter>
    </ClCompile>
    <ClCompile Include="C:\dev\repos\MungoG\cursor_boost\libs\capy\test\unit\core\small_unique_ptr.cpp">
      <Filter>core</Filter>
    </ClCompile>
    <ClCompile Include="C:\dev\repos\MungoG\cursor_boost\libs\capy\test\unit\core\thread_local_ptr.cpp">
      <Filter>core</Filter>
    </ClCompile>
    <ClCompile Include="C:\dev\repos\MungoG\cursor_boost\libs\capy\test\unit\datastore.cpp" />
    <ClCompile Include="C:\dev\repos\MungoG\cursor_boost\libs\capy\test\unit\detail\file_posix.cpp">
      <Filter>detail</Filter>
    </ClCompile>
    <ClCompile Include="C:\dev\repos\MungoG\cursor_boost\libs\capy\test\unit\detail\file_stdio.cpp">
      <Filter>detail</Filter>
    </ClCompile>
    <ClCompile Include="C:\dev\repos\MungoG\cursor_boost\libs\capy\test\unit\detail\file_win32.cpp">
      <Filter>detail</Filter>
    </ClCompile>
    <ClCompile Include="C:\dev\repos\MungoG\cursor_boost\libs\capy\test\unit\error.cpp" />
    <ClCompile Include="C:\dev\repos\MungoG\cursor_boost\libs\capy\test\unit\ex\any_coro.cpp">
      <Filter>ex</Filter>
    </ClCompile>
    <ClCompile Include="C:\dev\repos\MungoG\cursor_boost\libs\capy\test\unit\ex\any_dispatcher.cpp">
      <Filter>ex</Filter>
    </ClCompile>
    <ClCompile Include="C:\dev\repos\MungoG\cursor_boost\libs\capy\test\unit\ex\async_op.cpp">
      <Filter>ex</Filter>
    </ClCompile>
    <ClCompile Include="C:\dev\repos\MungoG\cursor_boost\libs\capy\test\unit\ex\async_run.cpp">
      <Filter>ex</Filter>
    </ClCompile>
    <ClCompile Include="C:\dev\repos\MungoG\cursor_boost\libs\capy\test\unit\ex\execution_context.cpp">
      <Filter>ex</Filter>
    </ClCompile>
    <ClCompile Include="C:\dev\repos\MungoG\cursor_boost\libs\capy\test\unit\ex\executor_work_guard.cpp">
      <Filter>ex</Filter>
    </ClCompile>
    <ClCompile Include="C:\dev\repos\MungoG\cursor_boost\libs\capy\test\unit\ex\frame_allocator.cpp">
      <Filter>ex</Filter>
    </ClCompile>
    <ClCompile Include="C:\dev\repos\MungoG\cursor_boost\libs\capy\test\unit\ex\make_affine.cpp">
      <Filter>ex</Filter>
    </ClCompile>
    <ClCompile Include="C:\dev\repos\MungoG\cursor_boost\libs\capy\test\unit\ex\run_on.cpp">
      <Filter>ex</Filter>
    </ClCompile>
    <ClCompile Include="C:\dev\repos\MungoG\cursor_boost\libs\capy\test\unit\ex\thread_pool.cpp">
      <Filter>ex</Filter>
    </ClCompile>
    <ClCompile Include="C:\dev\repos\MungoG\cursor_boost\libs\capy\test\unit\executor.cpp" />
    <ClCompile Include="C:\dev\repos\MungoG\cursor_boost\libs\capy\test\unit\file.cpp" />
    <ClCompile Include="C:\dev\repos\MungoG\cursor_boost\libs\capy\test\unit\file_mode.cpp" />
    <ClCompile Include="C:\dev\repos\MungoG\cursor_boost\libs\capy\test\unit\rts.cpp" />
    <ClCompile Include="C:\dev\repos\MungoG\cursor_boost\libs\capy\test\unit\task.cpp" />
    <ClCompile Include="C:\dev\repos\MungoG\cursor_boost\libs\capy\test\unit\when_all.cpp" />
    <ClCompile Include="C:\dev\repos\MungoG\cursor_boost\libs\capy\test\unit\zlib.cpp" />
    <ClCompile Include="C:\dev\repos\MungoG\cursor_boost\libs\capy\test\unit\zlib\compression_level.cpp">
      <Filter>zlib</Filter>
    </ClCompile>
    <ClCompile Include="C:\dev\repos\MungoG\cursor_boost\libs\capy\test\unit\zlib\compression_method.cpp">
      <Filter>zlib</Filter>
    </ClCompile>
    <ClCompile Include="C:\dev\repos\MungoG\cursor_boost\libs\capy\test\unit\zlib\compression_strategy.cpp">
      <Filter>zlib</Filter>
    </ClCompile>
    <ClCompile Include="C:\dev\repos\MungoG\cursor_boost\libs\capy\test\unit\zlib\data_type.cpp">
      <Filter>zlib</Filter>
    </ClCompile>
    <ClCompile Include="C:\dev\repos\MungoG\cursor_boost\libs\capy\test\unit\zlib\deflate.cpp">
      <Filter>zlib</Filter>
    </ClCompile>
    <ClCompile Include="C:\dev\repos\MungoG\cursor_boost\libs\capy\test\unit\zlib\error.cpp">
      <Filter>zlib</Filter>
    </ClCompile>
    <ClCompile Include="C:\dev\repos\MungoG\cursor_boost\libs\capy\test\unit\zlib\flush.cpp">
      <Filter>zlib</Filter>
    </ClCompile>
    <ClCompile Include="C:\dev\repos\MungoG\cursor_boost\libs\capy\test\unit\zlib\inflate.cpp">
      <Filter>zlib</Filter>
    </ClCompile>
    <ClCompile Include="C:\dev\repos\MungoG\cursor_boost\libs\capy\test\unit\zlib\stream.cpp">
      <Filter>zlib</Filter>
    </ClCompile>
  </ItemGroup>
  <ItemGroup>
    <ClInclude Include="C:\dev\repos\MungoG\cursor_boost\libs\capy\test\unit\buffers\test_buffers.hpp">
      <Filter>buffers</Filter>
    </ClInclude>
    <ClInclude Include="C:\dev\repos\MungoG\cursor_boost\libs\capy\test\unit\file_test.hpp" />
    <ClInclude Include="C:\dev\repos\MungoG\cursor_boost\libs\capy\test\unit\test_helpers.hpp" />
  </ItemGroup>
  <ItemGroup>
    <CustomBuild Include="C:\dev\repos\MungoG\cursor_boost\libs\capy\test\unit\CMakeLists.txt" />
  </ItemGroup>
  <ItemGroup>
    <None Include="C:\dev\repos\MungoG\cursor_boost\libs\capy\test\unit\Jamfile" />
  </ItemGroup>
  <ItemGroup>
    <Filter Include="bcrypt">
      <UniqueIdentifier>{40C7AA98-3AF2-377B-A72E-6FBE9C431FB9}</UniqueIdentifier>
    </Filter>
    <Filter Include="brotli">
      <UniqueIdentifier>{FCDDD6AE-348D-30AC-83C7-4CB95D176A8A}</UniqueIdentifier>
    </Filter>
    <Filter Include="buffers">
      <UniqueIdentifier>{F0672902-1D34-3286-B349-499C928ACFCC}</UniqueIdentifier>
    </Filter>
    <Filter Include="concept">
      <UniqueIdentifier>{4A11EE98-5B02-3910-8263-C83704714167}</UniqueIdentifier>
    </Filter>
    <Filter Include="core">
      <UniqueIdentifier>{0DE05279-1376-3327-B259-5D36D45692E7}</UniqueIdentifier>
    </Filter>
    <Filter Include="detail">
      <UniqueIdentifier>{A0101C7F-80FA-3AEC-A4F7-610FAACA8170}</UniqueIdentifier>
    </Filter>
    <Filter Include="ex">
      <UniqueIdentifier>{08F01B4F-8C6E-35CE-B8FF-CEEF1555C8E7}</UniqueIdentifier>
    </Filter>
    <Filter Include="zlib">
      <UniqueIdentifier>{F63F4E78-E1EF-3E92-80CE-2A0C36762C2A}</UniqueIdentifier>
    </Filter>
  </ItemGroup>
</Project>
