<?xml version="1.0" encoding="utf-8"?>
<Project ToolsVersion="17.0" xmlns="http://schemas.microsoft.com/developer/msbuild/2003">
  <ItemGroup>
    <ClCompile Include="C:\dev\repos\MungoG\cursor_boost\libs\http\src\detail\array_of_const_buffers.cpp">
      <Filter>src\detail</Filter>
    </ClCompile>
    <ClCompile Include="C:\dev\repos\MungoG\cursor_boost\libs\http\src\detail\except.cpp">
      <Filter>src\detail</Filter>
    </ClCompile>
    <ClCompile Include="C:\dev\repos\MungoG\cursor_boost\libs\http\src\detail\filter.cpp">
      <Filter>src\detail</Filter>
    </ClCompile>
    <ClCompile Include="C:\dev\repos\MungoG\cursor_boost\libs\http\src\detail\header.cpp">
      <Filter>src\detail</Filter>
    </ClCompile>
    <ClCompile Include="C:\dev\repos\MungoG\cursor_boost\libs\http\src\detail\workspace.cpp">
      <Filter>src\detail</Filter>
    </ClCompile>
    <ClCompile Include="C:\dev\repos\MungoG\cursor_boost\libs\http\src\error.cpp">
      <Filter>src</Filter>
    </ClCompile>
    <ClCompile Include="C:\dev\repos\MungoG\cursor_boost\libs\http\src\field.cpp">
      <Filter>src</Filter>
    </ClCompile>
    <ClCompile Include="C:\dev\repos\MungoG\cursor_boost\libs\http\src\fields_base.cpp">
      <Filter>src</Filter>
    </ClCompile>
    <ClCompile Include="C:\dev\repos\MungoG\cursor_boost\libs\http\src\file_sink.cpp">
      <Filter>src</Filter>
    </ClCompile>
    <ClCompile Include="C:\dev\repos\MungoG\cursor_boost\libs\http\src\file_source.cpp">
      <Filter>src</Filter>
    </ClCompile>
    <ClCompile Include="C:\dev\repos\MungoG\cursor_boost\libs\http\src\header_limits.cpp">
      <Filter>src</Filter>
    </ClCompile>
    <ClCompile Include="C:\dev\repos\MungoG\cursor_boost\libs\http\src\message_base.cpp">
      <Filter>src</Filter>
    </ClCompile>
    <ClCompile Include="C:\dev\repos\MungoG\cursor_boost\libs\http\src\method.cpp">
      <Filter>src</Filter>
    </ClCompile>
    <ClCompile Include="C:\dev\repos\MungoG\cursor_boost\libs\http\src\parser.cpp">
      <Filter>src</Filter>
    </ClCompile>
    <ClCompile Include="C:\dev\repos\MungoG\cursor_boost\libs\http\src\request_base.cpp">
      <Filter>src</Filter>
    </ClCompile>
    <ClCompile Include="C:\dev\repos\MungoG\cursor_boost\libs\http\src\request_parser.cpp">
      <Filter>src</Filter>
    </ClCompile>
    <ClCompile Include="C:\dev\repos\MungoG\cursor_boost\libs\http\src\response_base.cpp">
      <Filter>src</Filter>
    </ClCompile>
    <ClCompile Include="C:\dev\repos\MungoG\cursor_boost\libs\http\src\response_parser.cpp">
      <Filter>src</Filter>
    </ClCompile>
    <ClCompile Include="C:\dev\repos\MungoG\cursor_boost\libs\http\src\rfc\combine_field_values.cpp">
      <Filter>src\rfc</Filter>
    </ClCompile>
    <ClCompile Include="C:\dev\repos\MungoG\cursor_boost\libs\http\src\rfc\detail\rules.cpp">
      <Filter>src\rfc\detail</Filter>
    </ClCompile>
    <ClCompile Include="C:\dev\repos\MungoG\cursor_boost\libs\http\src\rfc\detail\transfer_coding_rule.cpp">
      <Filter>src\rfc\detail</Filter>
    </ClCompile>
    <ClCompile Include="C:\dev\repos\MungoG\cursor_boost\libs\http\src\rfc\parameter.cpp">
      <Filter>src\rfc</Filter>
    </ClCompile>
    <ClCompile Include="C:\dev\repos\MungoG\cursor_boost\libs\http\src\rfc\quoted_token_rule.cpp">
      <Filter>src\rfc</Filter>
    </ClCompile>
    <ClCompile Include="C:\dev\repos\MungoG\cursor_boost\libs\http\src\rfc\upgrade_rule.cpp">
      <Filter>src\rfc</Filter>
    </ClCompile>
    <ClCompile Include="C:\dev\repos\MungoG\cursor_boost\libs\http\src\serializer.cpp">
      <Filter>src</Filter>
    </ClCompile>
    <ClCompile Include="C:\dev\repos\MungoG\cursor_boost\libs\http\src\server\basic_router.cpp">
      <Filter>src\server</Filter>
    </ClCompile>
    <ClCompile Include="C:\dev\repos\MungoG\cursor_boost\libs\http\src\server\cors.cpp">
      <Filter>src\server</Filter>
    </ClCompile>
    <ClCompile Include="C:\dev\repos\MungoG\cursor_boost\libs\http\src\server\route_handler.cpp">
      <Filter>src\server</Filter>
    </ClCompile>
    <ClCompile Include="C:\dev\repos\MungoG\cursor_boost\libs\http\src\server\route_rule.cpp">
      <Filter>src\server</Filter>
    </ClCompile>
    <ClCompile Include="C:\dev\repos\MungoG\cursor_boost\libs\http\src\server\router_types.cpp">
      <Filter>src\server</Filter>
    </ClCompile>
    <ClCompile Include="C:\dev\repos\MungoG\cursor_boost\libs\http\src\sink.cpp">
      <Filter>src</Filter>
    </ClCompile>
    <ClCompile Include="C:\dev\repos\MungoG\cursor_boost\libs\http\src\source.cpp">
      <Filter>src</Filter>
    </ClCompile>
    <ClCompile Include="C:\dev\repos\MungoG\cursor_boost\libs\http\src\status.cpp">
      <Filter>src</Filter>
    </ClCompile>
    <ClCompile Include="C:\dev\repos\MungoG\cursor_boost\libs\http\src\version.cpp">
      <Filter>src</Filter>
    </ClCompile>
  </ItemGroup>
  <ItemGroup>
    <ClInclude Include="C:\dev\repos\MungoG\cursor_boost\libs\http\include\boost\http.hpp" />
    <ClInclude Include="C:\dev\repos\MungoG\cursor_boost\libs\http\include\boost\http\detail\config.hpp">
      <Filter>include\detail</Filter>
    </ClInclude>
    <ClInclude Include="C:\dev\repos\MungoG\cursor_boost\libs\http\include\boost\http\detail\except.hpp">
      <Filter>include\detail</Filter>
    </ClInclude>
    <ClInclude Include="C:\dev\repos\MungoG\cursor_boost\libs\http\include\boost\http\detail\header.hpp">
      <Filter>include\detail</Filter>
    </ClInclude>
    <ClInclude Include="C:\dev\repos\MungoG\cursor_boost\libs\http\include\boost\http\detail\impl\workspace.hpp">
      <Filter>include\detail\impl</Filter>
    </ClInclude>
    <ClInclude Include="C:\dev\repos\MungoG\cursor_boost\libs\http\include\boost\http\detail\sv.hpp">
      <Filter>include\detail</Filter>
    </ClInclude>
    <ClInclude Include="C:\dev\repos\MungoG\cursor_boost\libs\http\include\boost\http\detail\type_traits.hpp">
      <Filter>include\detail</Filter>
    </ClInclude>
    <ClInclude Include="C:\dev\repos\MungoG\cursor_boost\libs\http\include\boost\http\detail\workspace.hpp">
      <Filter>include\detail</Filter>
    </ClInclude>
    <ClInclude Include="C:\dev\repos\MungoG\cursor_boost\libs\http\include\boost\http\error.hpp">
      <Filter>include</Filter>
    </ClInclude>
    <ClInclude Include="C:\dev\repos\MungoG\cursor_boost\libs\http\include\boost\http\field.hpp">
      <Filter>include</Filter>
    </ClInclude>
    <ClInclude Include="C:\dev\repos\MungoG\cursor_boost\libs\http\include\boost\http\fields.hpp">
      <Filter>include</Filter>
    </ClInclude>
    <ClInclude Include="C:\dev\repos\MungoG\cursor_boost\libs\http\include\boost\http\fields_base.hpp">
      <Filter>include</Filter>
    </ClInclude>
    <ClInclude Include="C:\dev\repos\MungoG\cursor_boost\libs\http\include\boost\http\file_sink.hpp">
      <Filter>include</Filter>
    </ClInclude>
    <ClInclude Include="C:\dev\repos\MungoG\cursor_boost\libs\http\include\boost\http\file_source.hpp">
      <Filter>include</Filter>
    </ClInclude>
    <ClInclude Include="C:\dev\repos\MungoG\cursor_boost\libs\http\include\boost\http\header_limits.hpp">
      <Filter>include</Filter>
    </ClInclude>
    <ClInclude Include="C:\dev\repos\MungoG\cursor_boost\libs\http\include\boost\http\impl\error.hpp">
      <Filter>include\impl</Filter>
    </ClInclude>
    <ClInclude Include="C:\dev\repos\MungoG\cursor_boost\libs\http\include\boost\http\impl\fields_base.hpp">
      <Filter>include\impl</Filter>
    </ClInclude>
    <ClInclude Include="C:\dev\repos\MungoG\cursor_boost\libs\http\include\boost\http\impl\parser.hpp">
      <Filter>include\impl</Filter>
    </ClInclude>
    <ClInclude Include="C:\dev\repos\MungoG\cursor_boost\libs\http\include\boost\http\impl\serializer.hpp">
      <Filter>include\impl</Filter>
    </ClInclude>
    <ClInclude Include="C:\dev\repos\MungoG\cursor_boost\libs\http\include\boost\http\impl\sink.hpp">
      <Filter>include\impl</Filter>
    </ClInclude>
    <ClInclude Include="C:\dev\repos\MungoG\cursor_boost\libs\http\include\boost\http\impl\source.hpp">
      <Filter>include\impl</Filter>
    </ClInclude>
    <ClInclude Include="C:\dev\repos\MungoG\cursor_boost\libs\http\include\boost\http\json.hpp">
      <Filter>include</Filter>
    </ClInclude>
    <ClInclude Include="C:\dev\repos\MungoG\cursor_boost\libs\http\include\boost\http\message_base.hpp">
      <Filter>include</Filter>
    </ClInclude>
    <ClInclude Include="C:\dev\repos\MungoG\cursor_boost\libs\http\include\boost\http\metadata.hpp">
      <Filter>include</Filter>
    </ClInclude>
    <ClInclude Include="C:\dev\repos\MungoG\cursor_boost\libs\http\include\boost\http\method.hpp">
      <Filter>include</Filter>
    </ClInclude>
    <ClInclude Include="C:\dev\repos\MungoG\cursor_boost\libs\http\include\boost\http\parser.hpp">
      <Filter>include</Filter>
    </ClInclude>
    <ClInclude Include="C:\dev\repos\MungoG\cursor_boost\libs\http\include\boost\http\request.hpp">
      <Filter>include</Filter>
    </ClInclude>
    <ClInclude Include="C:\dev\repos\MungoG\cursor_boost\libs\http\include\boost\http\request_base.hpp">
      <Filter>include</Filter>
    </ClInclude>
    <ClInclude Include="C:\dev\repos\MungoG\cursor_boost\libs\http\include\boost\http\request_parser.hpp">
      <Filter>include</Filter>
    </ClInclude>
    <ClInclude Include="C:\dev\repos\MungoG\cursor_boost\libs\http\include\boost\http\response.hpp">
      <Filter>include</Filter>
    </ClInclude>
    <ClInclude Include="C:\dev\repos\MungoG\cursor_boost\libs\http\include\boost\http\response_base.hpp">
      <Filter>include</Filter>
    </ClInclude>
    <ClInclude Include="C:\dev\repos\MungoG\cursor_boost\libs\http\include\boost\http\response_parser.hpp">
      <Filter>include</Filter>
    </ClInclude>
    <ClInclude Include="C:\dev\repos\MungoG\cursor_boost\libs\http\include\boost\http\rfc\combine_field_values.hpp">
      <Filter>include\rfc</Filter>
    </ClInclude>
    <ClInclude Include="C:\dev\repos\MungoG\cursor_boost\libs\http\include\boost\http\rfc\detail\ws.hpp">
      <Filter>include\rfc\detail</Filter>
    </ClInclude>
    <ClInclude Include="C:\dev\repos\MungoG\cursor_boost\libs\http\include\boost\http\rfc\impl\list_rule.hpp">
      <Filter>include\rfc\impl</Filter>
    </ClInclude>
    <ClInclude Include="C:\dev\repos\MungoG\cursor_boost\libs\http\include\boost\http\rfc\list_rule.hpp">
      <Filter>include\rfc</Filter>
    </ClInclude>
    <ClInclude Include="C:\dev\repos\MungoG\cursor_boost\libs\http\include\boost\http\rfc\media_type.hpp">
      <Filter>include\rfc</Filter>
    </ClInclude>
    <ClInclude Include="C:\dev\repos\MungoG\cursor_boost\libs\http\include\boost\http\rfc\parameter.hpp">
      <Filter>include\rfc</Filter>
    </ClInclude>
    <ClInclude Include="C:\dev\repos\MungoG\cursor_boost\libs\http\include\boost\http\rfc\quoted_token_rule.hpp">
      <Filter>include\rfc</Filter>
    </ClInclude>
    <ClInclude Include="C:\dev\repos\MungoG\cursor_boost\libs\http\include\boost\http\rfc\quoted_token_view.hpp">
      <Filter>include\rfc</Filter>
    </ClInclude>
    <ClInclude Include="C:\dev\repos\MungoG\cursor_boost\libs\http\include\boost\http\rfc\token_rule.hpp">
      <Filter>include\rfc</Filter>
    </ClInclude>
    <ClInclude Include="C:\dev\repos\MungoG\cursor_boost\libs\http\include\boost\http\rfc\upgrade_rule.hpp">
      <Filter>include\rfc</Filter>
    </ClInclude>
    <ClInclude Include="C:\dev\repos\MungoG\cursor_boost\libs\http\include\boost\http\serializer.hpp">
      <Filter>include</Filter>
    </ClInclude>
    <ClInclude Include="C:\dev\repos\MungoG\cursor_boost\libs\http\include\boost\http\server\basic_router.hpp">
      <Filter>include\server</Filter>
    </ClInclude>
    <ClInclude Include="C:\dev\repos\MungoG\cursor_boost\libs\http\include\boost\http\server\cors.hpp">
      <Filter>include\server</Filter>
    </ClInclude>
    <ClInclude Include="C:\dev\repos\MungoG\cursor_boost\libs\http\include\boost\http\server\route_handler.hpp">
      <Filter>include\server</Filter>
    </ClInclude>
    <ClInclude Include="C:\dev\repos\MungoG\cursor_boost\libs\http\include\boost\http\server\router.hpp">
      <Filter>include\server</Filter>
    </ClInclude>
    <ClInclude Include="C:\dev\repos\MungoG\cursor_boost\libs\http\include\boost\http\server\router_types.hpp">
      <Filter>include\server</Filter>
    </ClInclude>
    <ClInclude Include="C:\dev\repos\MungoG\cursor_boost\libs\http\include\boost\http\sink.hpp">
      <Filter>include</Filter>
    </ClInclude>
    <ClInclude Include="C:\dev\repos\MungoG\cursor_boost\libs\http\include\boost\http\source.hpp">
      <Filter>include</Filter>
    </ClInclude>
    <ClInclude Include="C:\dev\repos\MungoG\cursor_boost\libs\http\include\boost\http\static_request.hpp">
      <Filter>include</Filter>
    </ClInclude>
    <ClInclude Include="C:\dev\repos\MungoG\cursor_boost\libs\http\include\boost\http\static_response.hpp">
      <Filter>include</Filter>
    </ClInclude>
    <ClInclude Include="C:\dev\repos\MungoG\cursor_boost\libs\http\include\boost\http\status.hpp">
      <Filter>include</Filter>
    </ClInclude>
    <ClInclude Include="C:\dev\repos\MungoG\cursor_boost\libs\http\include\boost\http\string_body.hpp">
      <Filter>include</Filter>
    </ClInclude>
    <ClInclude Include="C:\dev\repos\MungoG\cursor_boost\libs\http\include\boost\http\version.hpp">
      <Filter>include</Filter>
    </ClInclude>
    <ClInclude Include="C:\dev\repos\MungoG\cursor_boost\libs\http\src\detail\array_of_const_buffers.hpp">
      <Filter>src\detail</Filter>
    </ClInclude>
    <ClInclude Include="C:\dev\repos\MungoG\cursor_boost\libs\http\src\detail\brotli_filter_base.hpp">
      <Filter>src\detail</Filter>
    </ClInclude>
    <ClInclude Include="C:\dev\repos\MungoG\cursor_boost\libs\http\src\detail\buffer_utils.hpp">
      <Filter>src\detail</Filter>
    </ClInclude>
    <ClInclude Include="C:\dev\repos\MungoG\cursor_boost\libs\http\src\detail\filter.hpp">
      <Filter>src\detail</Filter>
    </ClInclude>
    <ClInclude Include="C:\dev\repos\MungoG\cursor_boost\libs\http\src\detail\move_chars.hpp">
      <Filter>src\detail</Filter>
    </ClInclude>
    <ClInclude Include="C:\dev\repos\MungoG\cursor_boost\libs\http\src\detail\number_string.hpp">
      <Filter>src\detail</Filter>
    </ClInclude>
    <ClInclude Include="C:\dev\repos\MungoG\cursor_boost\libs\http\src\detail\win32_unicode_path.hpp">
      <Filter>src\detail</Filter>
    </ClInclude>
    <ClInclude Include="C:\dev\repos\MungoG\cursor_boost\libs\http\src\detail\zlib_filter_base.hpp">
      <Filter>src\detail</Filter>
    </ClInclude>
    <ClInclude Include="C:\dev\repos\MungoG\cursor_boost\libs\http\src\rfc\detail\rules.hpp">
      <Filter>src\rfc\detail</Filter>
    </ClInclude>
    <ClInclude Include="C:\dev\repos\MungoG\cursor_boost\libs\http\src\rfc\detail\transfer_coding_rule.hpp">
      <Filter>src\rfc\detail</Filter>
    </ClInclude>
    <ClInclude Include="C:\dev\repos\MungoG\cursor_boost\libs\http\src\server\route_rule.hpp">
      <Filter>src\server</Filter>
    </ClInclude>
  </ItemGroup>
  <ItemGroup>
    <CustomBuild Include="C:\dev\repos\MungoG\cursor_boost\libs\http\CMakeLists.txt" />
  </ItemGroup>
  <ItemGroup>
    <Natvis Include="C:\dev\repos\MungoG\cursor_boost\libs\http\include\boost\http\http_proto.natvis">
      <Filter>include</Filter>
    </Natvis>
  </ItemGroup>
  <ItemGroup>
    <None Include="C:\dev\repos\MungoG\cursor_boost\libs\http\build\Jamfile" />
  </ItemGroup>
  <ItemGroup>
    <Filter Include="include">
      <UniqueIdentifier>{98C90C26-BD55-38BD-8A06-4FA32BCAE692}</UniqueIdentifier>
    </Filter>
    <Filter Include="include\detail">
      <UniqueIdentifier>{CDCBA84D-D1B7-377C-8A22-985960A81C8F}</UniqueIdentifier>
    </Filter>
    <Filter Include="include\detail\impl">
      <UniqueIdentifier>{0FA18625-1F3D-3E5F-9A07-6A14A758660F}</UniqueIdentifier>
    </Filter>
    <Filter Include="include\impl">
      <UniqueIdentifier>{21231477-4AEB-3CE0-9694-09E1DC9A7710}</UniqueIdentifier>
    </Filter>
    <Filter Include="include\rfc">
      <UniqueIdentifier>{A700CD44-F010-3B1B-9702-C23941272C12}</UniqueIdentifier>
    </Filter>
    <Filter Include="include\rfc\detail">
      <UniqueIdentifier>{B2B8EFDD-4841-3FC2-B998-BE17E70EA8BA}</UniqueIdentifier>
    </Filter>
    <Filter Include="include\rfc\impl">
      <UniqueIdentifier>{8F0710AF-8AE1-34A2-B4BD-943A40516888}</UniqueIdentifier>
    </Filter>
    <Filter Include="include\server">
      <UniqueIdentifier>{30D88D1B-9FFF-34CA-9CB7-C6DCFA942C8C}</UniqueIdentifier>
    </Filter>
    <Filter Include="src">
      <UniqueIdentifier>{C9E4D543-1D8A-3074-9BF6-E22E0CCADB1B}</UniqueIdentifier>
    </Filter>
    <Filter Include="src\detail">
      <UniqueIdentifier>{F03E2187-64F2-3F1E-AA50-D6D1AEA5E2E6}</UniqueIdentifier>
    </Filter>
    <Filter Include="src\rfc">
      <UniqueIdentifier>{630A7387-4659-32F0-A545-723DAAAC9647}</UniqueIdentifier>
    </Filter>
    <Filter Include="src\rfc\detail">
      <UniqueIdentifier>{E4DA64CA-67AC-3245-9106-1F520E148E91}</UniqueIdentifier>
    </Filter>
    <Filter Include="src\server">
      <UniqueIdentifier>{F8908B2A-5B9B-3B41-807E-F44EAECB08D7}</UniqueIdentifier>
    </Filter>
  </ItemGroup>
</Project>
