
Microsoft Visual Studio Solution File, Format Version 12.00
# Visual Studio Version 17
Project("{2150E333-8FDC-42A3-9474-1A3956D46DE8}") = "CMakePredefinedTargets", "CMakePredefinedTargets", "{5E90B3E8-BF85-3EE2-AB57-ACD73D6A0267}"
EndProject
Project("{2150E333-8FDC-42A3-9474-1A3956D46DE8}") = "Dependencies", "Dependencies", "{09C6F800-28AB-3423-B3CB-E4D395405B82}"
EndProject
Project("{8BC9CEB8-8B4A-11D0-8D11-00A0C91BC942}") = "ALL_BUILD", "ALL_BUILD.vcxproj", "{CEAD2DD0-AB8D-3957-8972-0E6027642D2C}"
	ProjectSection(ProjectDependencies) = postProject
		{6573AAFC-1199-3859-8E0C-6835601B737A} = {6573AAFC-1199-3859-8E0C-6835601B737A}
		{2DFB4CD6-8136-3D11-BCF1-49C13E69594F} = {2DFB4CD6-8136-3D11-BCF1-49C13E69594F}
	EndProjectSection
EndProject
Project("{8BC9CEB8-8B4A-11D0-8D11-00A0C91BC942}") = "RUN_TESTS", "RUN_TESTS.vcxproj", "{78669AE4-CEC2-37D0-9C4D-51FB7BD2AD8C}"
	ProjectSection(ProjectDependencies) = postProject
		{6573AAFC-1199-3859-8E0C-6835601B737A} = {6573AAFC-1199-3859-8E0C-6835601B737A}
	EndProjectSection
EndProject
Project("{8BC9CEB8-8B4A-11D0-8D11-00A0C91BC942}") = "ZERO_CHECK", "..\..\..\..\ZERO_CHECK.vcxproj", "{6573AAFC-1199-3859-8E0C-6835601B737A}"
	ProjectSection(ProjectDependencies) = postProject
	EndProjectSection
EndProject
Project("{8BC9CEB8-8B4A-11D0-8D11-00A0C91BC942}") = "boost_assert", "..\assert\boost_assert.vcxproj", "{10722DF8-DFD2-3B6E-9A1A-21C12B2C95D5}"
	ProjectSection(ProjectDependencies) = postProject
		{6573AAFC-1199-3859-8E0C-6835601B737A} = {6573AAFC-1199-3859-8E0C-6835601B737A}
	EndProjectSection
EndProject
Project("{8BC9CEB8-8B4A-11D0-8D11-00A0C91BC942}") = "boost_core", "..\core\boost_core.vcxproj", "{BB7E7244-4CBD-38DA-85D6-C365E61E562C}"
	ProjectSection(ProjectDependencies) = postProject
		{6573AAFC-1199-3859-8E0C-6835601B737A} = {6573AAFC-1199-3859-8E0C-6835601B737A}
	EndProjectSection
EndProject
Project("{8BC9CEB8-8B4A-11D0-8D11-00A0C91BC942}") = "boost_optional", "..\optional\boost_optional.vcxproj", "{626D4066-781B-3545-B24E-CAA8CE1A7983}"
	ProjectSection(ProjectDependencies) = postProject
		{6573AAFC-1199-3859-8E0C-6835601B737A} = {6573AAFC-1199-3859-8E0C-6835601B737A}
	EndProjectSection
EndProject
Project("{8BC9CEB8-8B4A-11D0-8D11-00A0C91BC942}") = "boost_system", "..\system\boost_system.vcxproj", "{37E9F106-DF62-3653-A5F4-F7BC9994D607}"
	ProjectSection(ProjectDependencies) = postProject
		{6573AAFC-1199-3859-8E0C-6835601B737A} = {6573AAFC-1199-3859-8E0C-6835601B737A}
	EndProjectSection
EndProject
Project("{8BC9CEB8-8B4A-11D0-8D11-00A0C91BC942}") = "boost_url", "boost_url.vcxproj", "{2DFB4CD6-8136-3D11-BCF1-49C13E69594F}"
	ProjectSection(ProjectDependencies) = postProject
		{6573AAFC-1199-3859-8E0C-6835601B737A} = {6573AAFC-1199-3859-8E0C-6835601B737A}
		{10722DF8-DFD2-3B6E-9A1A-21C12B2C95D5} = {10722DF8-DFD2-3B6E-9A1A-21C12B2C95D5}
		{BB7E7244-4CBD-38DA-85D6-C365E61E562C} = {BB7E7244-4CBD-38DA-85D6-C365E61E562C}
		{626D4066-781B-3545-B24E-CAA8CE1A7983} = {626D4066-781B-3545-B24E-CAA8CE1A7983}
		{37E9F106-DF62-3653-A5F4-F7BC9994D607} = {37E9F106-DF62-3653-A5F4-F7BC9994D607}
		{347E55DB-2931-3360-87B2-78CF7921E90C} = {347E55DB-2931-3360-87B2-78CF7921E90C}
	EndProjectSection
EndProject
Project("{8BC9CEB8-8B4A-11D0-8D11-00A0C91BC942}") = "boost_variant2", "..\variant2\boost_variant2.vcxproj", "{347E55DB-2931-3360-87B2-78CF7921E90C}"
	ProjectSection(ProjectDependencies) = postProject
		{6573AAFC-1199-3859-8E0C-6835601B737A} = {6573AAFC-1199-3859-8E0C-6835601B737A}
	EndProjectSection
EndProject
Global
	GlobalSection(SolutionConfigurationPlatforms) = preSolution
		Debug|x64 = Debug|x64
		Release|x64 = Release|x64
		MinSizeRel|x64 = MinSizeRel|x64
		RelWithDebInfo|x64 = RelWithDebInfo|x64
	EndGlobalSection
	GlobalSection(ProjectConfigurationPlatforms) = postSolution
		{CEAD2DD0-AB8D-3957-8972-0E6027642D2C}.Debug|x64.ActiveCfg = Debug|x64
		{CEAD2DD0-AB8D-3957-8972-0E6027642D2C}.Release|x64.ActiveCfg = Release|x64
		{CEAD2DD0-AB8D-3957-8972-0E6027642D2C}.MinSizeRel|x64.ActiveCfg = MinSizeRel|x64
		{CEAD2DD0-AB8D-3957-8972-0E6027642D2C}.RelWithDebInfo|x64.ActiveCfg = RelWithDebInfo|x64
		{78669AE4-CEC2-37D0-9C4D-51FB7BD2AD8C}.Debug|x64.ActiveCfg = Debug|x64
		{78669AE4-CEC2-37D0-9C4D-51FB7BD2AD8C}.Release|x64.ActiveCfg = Release|x64
		{78669AE4-CEC2-37D0-9C4D-51FB7BD2AD8C}.MinSizeRel|x64.ActiveCfg = MinSizeRel|x64
		{78669AE4-CEC2-37D0-9C4D-51FB7BD2AD8C}.RelWithDebInfo|x64.ActiveCfg = RelWithDebInfo|x64
		{6573AAFC-1199-3859-8E0C-6835601B737A}.Debug|x64.ActiveCfg = Debug|x64
		{6573AAFC-1199-3859-8E0C-6835601B737A}.Debug|x64.Build.0 = Debug|x64
		{6573AAFC-1199-3859-8E0C-6835601B737A}.Release|x64.ActiveCfg = Release|x64
		{6573AAFC-1199-3859-8E0C-6835601B737A}.Release|x64.Build.0 = Release|x64
		{6573AAFC-1199-3859-8E0C-6835601B737A}.MinSizeRel|x64.ActiveCfg = MinSizeRel|x64
		{6573AAFC-1199-3859-8E0C-6835601B737A}.MinSizeRel|x64.Build.0 = MinSizeRel|x64
		{6573AAFC-1199-3859-8E0C-6835601B737A}.RelWithDebInfo|x64.ActiveCfg = RelWithDebInfo|x64
		{6573AAFC-1199-3859-8E0C-6835601B737A}.RelWithDebInfo|x64.Build.0 = RelWithDebInfo|x64
		{10722DF8-DFD2-3B6E-9A1A-21C12B2C95D5}.Debug|x64.ActiveCfg = Debug|x64
		{10722DF8-DFD2-3B6E-9A1A-21C12B2C95D5}.Debug|x64.Build.0 = Debug|x64
		{10722DF8-DFD2-3B6E-9A1A-21C12B2C95D5}.Release|x64.ActiveCfg = Release|x64
		{10722DF8-DFD2-3B6E-9A1A-21C12B2C95D5}.Release|x64.Build.0 = Release|x64
		{10722DF8-DFD2-3B6E-9A1A-21C12B2C95D5}.MinSizeRel|x64.ActiveCfg = MinSizeRel|x64
		{10722DF8-DFD2-3B6E-9A1A-21C12B2C95D5}.MinSizeRel|x64.Build.0 = MinSizeRel|x64
		{10722DF8-DFD2-3B6E-9A1A-21C12B2C95D5}.RelWithDebInfo|x64.ActiveCfg = RelWithDebInfo|x64
		{10722DF8-DFD2-3B6E-9A1A-21C12B2C95D5}.RelWithDebInfo|x64.Build.0 = RelWithDebInfo|x64
		{BB7E7244-4CBD-38DA-85D6-C365E61E562C}.Debug|x64.ActiveCfg = Debug|x64
		{BB7E7244-4CBD-38DA-85D6-C365E61E562C}.Debug|x64.Build.0 = Debug|x64
		{BB7E7244-4CBD-38DA-85D6-C365E61E562C}.Release|x64.ActiveCfg = Release|x64
		{BB7E7244-4CBD-38DA-85D6-C365E61E562C}.Release|x64.Build.0 = Release|x64
		{BB7E7244-4CBD-38DA-85D6-C365E61E562C}.MinSizeRel|x64.ActiveCfg = MinSizeRel|x64
		{BB7E7244-4CBD-38DA-85D6-C365E61E562C}.MinSizeRel|x64.Build.0 = MinSizeRel|x64
		{BB7E7244-4CBD-38DA-85D6-C365E61E562C}.RelWithDebInfo|x64.ActiveCfg = RelWithDebInfo|x64
		{BB7E7244-4CBD-38DA-85D6-C365E61E562C}.RelWithDebInfo|x64.Build.0 = RelWithDebInfo|x64
		{626D4066-781B-3545-B24E-CAA8CE1A7983}.Debug|x64.ActiveCfg = Debug|x64
		{626D4066-781B-3545-B24E-CAA8CE1A7983}.Debug|x64.Build.0 = Debug|x64
		{626D4066-781B-3545-B24E-CAA8CE1A7983}.Release|x64.ActiveCfg = Release|x64
		{626D4066-781B-3545-B24E-CAA8CE1A7983}.Release|x64.Build.0 = Release|x64
		{626D4066-781B-3545-B24E-CAA8CE1A7983}.MinSizeRel|x64.ActiveCfg = MinSizeRel|x64
		{626D4066-781B-3545-B24E-CAA8CE1A7983}.MinSizeRel|x64.Build.0 = MinSizeRel|x64
		{626D4066-781B-3545-B24E-CAA8CE1A7983}.RelWithDebInfo|x64.ActiveCfg = RelWithDebInfo|x64
		{626D4066-781B-3545-B24E-CAA8CE1A7983}.RelWithDebInfo|x64.Build.0 = RelWithDebInfo|x64
		{37E9F106-DF62-3653-A5F4-F7BC9994D607}.Debug|x64.ActiveCfg = Debug|x64
		{37E9F106-DF62-3653-A5F4-F7BC9994D607}.Debug|x64.Build.0 = Debug|x64
		{37E9F106-DF62-3653-A5F4-F7BC9994D607}.Release|x64.ActiveCfg = Release|x64
		{37E9F106-DF62-3653-A5F4-F7BC9994D607}.Release|x64.Build.0 = Release|x64
		{37E9F106-DF62-3653-A5F4-F7BC9994D607}.MinSizeRel|x64.ActiveCfg = MinSizeRel|x64
		{37E9F106-DF62-3653-A5F4-F7BC9994D607}.MinSizeRel|x64.Build.0 = MinSizeRel|x64
		{37E9F106-DF62-3653-A5F4-F7BC9994D607}.RelWithDebInfo|x64.ActiveCfg = RelWithDebInfo|x64
		{37E9F106-DF62-3653-A5F4-F7BC9994D607}.RelWithDebInfo|x64.Build.0 = RelWithDebInfo|x64
		{2DFB4CD6-8136-3D11-BCF1-49C13E69594F}.Debug|x64.ActiveCfg = Debug|x64
		{2DFB4CD6-8136-3D11-BCF1-49C13E69594F}.Debug|x64.Build.0 = Debug|x64
		{2DFB4CD6-8136-3D11-BCF1-49C13E69594F}.Release|x64.ActiveCfg = Release|x64
		{2DFB4CD6-8136-3D11-BCF1-49C13E69594F}.Release|x64.Build.0 = Release|x64
		{2DFB4CD6-8136-3D11-BCF1-49C13E69594F}.MinSizeRel|x64.ActiveCfg = MinSizeRel|x64
		{2DFB4CD6-8136-3D11-BCF1-49C13E69594F}.MinSizeRel|x64.Build.0 = MinSizeRel|x64
		{2DFB4CD6-8136-3D11-BCF1-49C13E69594F}.RelWithDebInfo|x64.ActiveCfg = RelWithDebInfo|x64
		{2DFB4CD6-8136-3D11-BCF1-49C13E69594F}.RelWithDebInfo|x64.Build.0 = RelWithDebInfo|x64
		{347E55DB-2931-3360-87B2-78CF7921E90C}.Debug|x64.ActiveCfg = Debug|x64
		{347E55DB-2931-3360-87B2-78CF7921E90C}.Debug|x64.Build.0 = Debug|x64
		{347E55DB-2931-3360-87B2-78CF7921E90C}.Release|x64.ActiveCfg = Release|x64
		{347E55DB-2931-3360-87B2-78CF7921E90C}.Release|x64.Build.0 = Release|x64
		{347E55DB-2931-3360-87B2-78CF7921E90C}.MinSizeRel|x64.ActiveCfg = MinSizeRel|x64
		{347E55DB-2931-3360-87B2-78CF7921E90C}.MinSizeRel|x64.Build.0 = MinSizeRel|x64
		{347E55DB-2931-3360-87B2-78CF7921E90C}.RelWithDebInfo|x64.ActiveCfg = RelWithDebInfo|x64
		{347E55DB-2931-3360-87B2-78CF7921E90C}.RelWithDebInfo|x64.Build.0 = RelWithDebInfo|x64
	EndGlobalSection
	GlobalSection(NestedProjects) = preSolution
		{CEAD2DD0-AB8D-3957-8972-0E6027642D2C} = {5E90B3E8-BF85-3EE2-AB57-ACD73D6A0267}
		{78669AE4-CEC2-37D0-9C4D-51FB7BD2AD8C} = {5E90B3E8-BF85-3EE2-AB57-ACD73D6A0267}
		{6573AAFC-1199-3859-8E0C-6835601B737A} = {5E90B3E8-BF85-3EE2-AB57-ACD73D6A0267}
		{10722DF8-DFD2-3B6E-9A1A-21C12B2C95D5} = {09C6F800-28AB-3423-B3CB-E4D395405B82}
		{BB7E7244-4CBD-38DA-85D6-C365E61E562C} = {09C6F800-28AB-3423-B3CB-E4D395405B82}
		{626D4066-781B-3545-B24E-CAA8CE1A7983} = {09C6F800-28AB-3423-B3CB-E4D395405B82}
		{37E9F106-DF62-3653-A5F4-F7BC9994D607} = {09C6F800-28AB-3423-B3CB-E4D395405B82}
		{2DFB4CD6-8136-3D11-BCF1-49C13E69594F} = {09C6F800-28AB-3423-B3CB-E4D395405B82}
		{347E55DB-2931-3360-87B2-78CF7921E90C} = {09C6F800-28AB-3423-B3CB-E4D395405B82}
	EndGlobalSection
	GlobalSection(ExtensibilityGlobals) = postSolution
		SolutionGuid = {3CD5B3B4-78B1-397E-B4D6-7E5BC0B4B836}
	EndGlobalSection
	GlobalSection(ExtensibilityAddIns) = postSolution
	EndGlobalSection
EndGlobal
