<?xml version="1.0" encoding="utf-8"?>
<Project ToolsVersion="17.0" xmlns="http://schemas.microsoft.com/developer/msbuild/2003">
  <ItemGroup>
    <CustomBuild Include="C:\dev\repos\MungoG\cursor_boost\libs\beast2\bin64\CMakeFiles\15ed14f1346ea1be2bb4b91abdfa9145\RUN_TESTS_force.rule">
      <Filter>CMake Rules</Filter>
    </CustomBuild>
  </ItemGroup>
  <ItemGroup>
    <Filter Include="CMake Rules">
      <UniqueIdentifier>{784B0547-0756-3E89-874E-AAC0961264B5}</UniqueIdentifier>
    </Filter>
  </ItemGroup>
</Project>
