<?xml version="1.0" encoding="utf-8"?>
<Project ToolsVersion="17.0" xmlns="http://schemas.microsoft.com/developer/msbuild/2003">
  <ItemGroup>
    <ClCompile Include="C:\dev\repos\MungoG\cursor_boost\libs\capy\src\application.cpp">
      <Filter>src</Filter>
    </ClCompile>
    <ClCompile Include="C:\dev\repos\MungoG\cursor_boost\libs\capy\src\bcrypt\base64.cpp">
      <Filter>src\bcrypt</Filter>
    </ClCompile>
    <ClCompile Include="C:\dev\repos\MungoG\cursor_boost\libs\capy\src\bcrypt\blowfish.cpp">
      <Filter>src\bcrypt</Filter>
    </ClCompile>
    <ClCompile Include="C:\dev\repos\MungoG\cursor_boost\libs\capy\src\bcrypt\crypt.cpp">
      <Filter>src\bcrypt</Filter>
    </ClCompile>
    <ClCompile Include="C:\dev\repos\MungoG\cursor_boost\libs\capy\src\bcrypt\error.cpp">
      <Filter>src\bcrypt</Filter>
    </ClCompile>
    <ClCompile Include="C:\dev\repos\MungoG\cursor_boost\libs\capy\src\bcrypt\hash.cpp">
      <Filter>src\bcrypt</Filter>
    </ClCompile>
    <ClCompile Include="C:\dev\repos\MungoG\cursor_boost\libs\capy\src\bcrypt\random.cpp">
      <Filter>src\bcrypt</Filter>
    </ClCompile>
    <ClCompile Include="C:\dev\repos\MungoG\cursor_boost\libs\capy\src\brotli\error.cpp">
      <Filter>src\brotli</Filter>
    </ClCompile>
    <ClCompile Include="C:\dev\repos\MungoG\cursor_boost\libs\capy\src\buffers.cpp">
      <Filter>src</Filter>
    </ClCompile>
    <ClCompile Include="C:\dev\repos\MungoG\cursor_boost\libs\capy\src\buffers\buffer_pair.cpp">
      <Filter>src\buffers</Filter>
    </ClCompile>
    <ClCompile Include="C:\dev\repos\MungoG\cursor_boost\libs\capy\src\buffers\circular_buffer.cpp">
      <Filter>src\buffers</Filter>
    </ClCompile>
    <ClCompile Include="C:\dev\repos\MungoG\cursor_boost\libs\capy\src\buffers\detail\except.cpp">
      <Filter>src\buffers\detail</Filter>
    </ClCompile>
    <ClCompile Include="C:\dev\repos\MungoG\cursor_boost\libs\capy\src\cond.cpp">
      <Filter>src</Filter>
    </ClCompile>
    <ClCompile Include="C:\dev\repos\MungoG\cursor_boost\libs\capy\src\core\polystore.cpp">
      <Filter>src\core</Filter>
    </ClCompile>
    <ClCompile Include="C:\dev\repos\MungoG\cursor_boost\libs\capy\src\datastore.cpp">
      <Filter>src</Filter>
    </ClCompile>
    <ClCompile Include="C:\dev\repos\MungoG\cursor_boost\libs\capy\src\detail\except.cpp">
      <Filter>src\detail</Filter>
    </ClCompile>
    <ClCompile Include="C:\dev\repos\MungoG\cursor_boost\libs\capy\src\detail\file_posix.cpp">
      <Filter>src\detail</Filter>
    </ClCompile>
    <ClCompile Include="C:\dev\repos\MungoG\cursor_boost\libs\capy\src\detail\file_stdio.cpp">
      <Filter>src\detail</Filter>
    </ClCompile>
    <ClCompile Include="C:\dev\repos\MungoG\cursor_boost\libs\capy\src\detail\file_win32.cpp">
      <Filter>src\detail</Filter>
    </ClCompile>
    <ClCompile Include="C:\dev\repos\MungoG\cursor_boost\libs\capy\src\error.cpp">
      <Filter>src</Filter>
    </ClCompile>
    <ClCompile Include="C:\dev\repos\MungoG\cursor_boost\libs\capy\src\ex\execution_context.cpp">
      <Filter>src\ex</Filter>
    </ClCompile>
    <ClCompile Include="C:\dev\repos\MungoG\cursor_boost\libs\capy\src\ex\thread_pool.cpp">
      <Filter>src\ex</Filter>
    </ClCompile>
    <ClCompile Include="C:\dev\repos\MungoG\cursor_boost\libs\capy\src\zlib\error.cpp">
      <Filter>src\zlib</Filter>
    </ClCompile>
  </ItemGroup>
  <ItemGroup>
    <ClInclude Include="C:\dev\repos\MungoG\cursor_boost\libs\capy\include\boost\capy.hpp" />
    <ClInclude Include="C:\dev\repos\MungoG\cursor_boost\libs\capy\include\boost\capy\application.hpp">
      <Filter>include</Filter>
    </ClInclude>
    <ClInclude Include="C:\dev\repos\MungoG\cursor_boost\libs\capy\include\boost\capy\bcrypt.hpp">
      <Filter>include</Filter>
    </ClInclude>
    <ClInclude Include="C:\dev\repos\MungoG\cursor_boost\libs\capy\include\boost\capy\bcrypt\error.hpp">
      <Filter>include\bcrypt</Filter>
    </ClInclude>
    <ClInclude Include="C:\dev\repos\MungoG\cursor_boost\libs\capy\include\boost\capy\bcrypt\hash.hpp">
      <Filter>include\bcrypt</Filter>
    </ClInclude>
    <ClInclude Include="C:\dev\repos\MungoG\cursor_boost\libs\capy\include\boost\capy\bcrypt\result.hpp">
      <Filter>include\bcrypt</Filter>
    </ClInclude>
    <ClInclude Include="C:\dev\repos\MungoG\cursor_boost\libs\capy\include\boost\capy\bcrypt\version.hpp">
      <Filter>include\bcrypt</Filter>
    </ClInclude>
    <ClInclude Include="C:\dev\repos\MungoG\cursor_boost\libs\capy\include\boost\capy\buffers.hpp">
      <Filter>include</Filter>
    </ClInclude>
    <ClInclude Include="C:\dev\repos\MungoG\cursor_boost\libs\capy\include\boost\capy\buffers\any_read_source.hpp">
      <Filter>include\buffers</Filter>
    </ClInclude>
    <ClInclude Include="C:\dev\repos\MungoG\cursor_boost\libs\capy\include\boost\capy\buffers\any_sink.hpp">
      <Filter>include\buffers</Filter>
    </ClInclude>
    <ClInclude Include="C:\dev\repos\MungoG\cursor_boost\libs\capy\include\boost\capy\buffers\any_stream.hpp">
      <Filter>include\buffers</Filter>
    </ClInclude>
    <ClInclude Include="C:\dev\repos\MungoG\cursor_boost\libs\capy\include\boost\capy\buffers\buffer_pair.hpp">
      <Filter>include\buffers</Filter>
    </ClInclude>
    <ClInclude Include="C:\dev\repos\MungoG\cursor_boost\libs\capy\include\boost\capy\buffers\circular_buffer.hpp">
      <Filter>include\buffers</Filter>
    </ClInclude>
    <ClInclude Include="C:\dev\repos\MungoG\cursor_boost\libs\capy\include\boost\capy\buffers\copy.hpp">
      <Filter>include\buffers</Filter>
    </ClInclude>
    <ClInclude Include="C:\dev\repos\MungoG\cursor_boost\libs\capy\include\boost\capy\buffers\data_source.hpp">
      <Filter>include\buffers</Filter>
    </ClInclude>
    <ClInclude Include="C:\dev\repos\MungoG\cursor_boost\libs\capy\include\boost\capy\buffers\detail\except.hpp">
      <Filter>include\buffers\detail</Filter>
    </ClInclude>
    <ClInclude Include="C:\dev\repos\MungoG\cursor_boost\libs\capy\include\boost\capy\buffers\detail\is_span.hpp">
      <Filter>include\buffers\detail</Filter>
    </ClInclude>
    <ClInclude Include="C:\dev\repos\MungoG\cursor_boost\libs\capy\include\boost\capy\buffers\detail\type_traits.hpp">
      <Filter>include\buffers\detail</Filter>
    </ClInclude>
    <ClInclude Include="C:\dev\repos\MungoG\cursor_boost\libs\capy\include\boost\capy\buffers\dynamic_buffer.hpp">
      <Filter>include\buffers</Filter>
    </ClInclude>
    <ClInclude Include="C:\dev\repos\MungoG\cursor_boost\libs\capy\include\boost\capy\buffers\flat_buffer.hpp">
      <Filter>include\buffers</Filter>
    </ClInclude>
    <ClInclude Include="C:\dev\repos\MungoG\cursor_boost\libs\capy\include\boost\capy\buffers\front.hpp">
      <Filter>include\buffers</Filter>
    </ClInclude>
    <ClInclude Include="C:\dev\repos\MungoG\cursor_boost\libs\capy\include\boost\capy\buffers\make_buffer.hpp">
      <Filter>include\buffers</Filter>
    </ClInclude>
    <ClInclude Include="C:\dev\repos\MungoG\cursor_boost\libs\capy\include\boost\capy\buffers\range.hpp">
      <Filter>include\buffers</Filter>
    </ClInclude>
    <ClInclude Include="C:\dev\repos\MungoG\cursor_boost\libs\capy\include\boost\capy\buffers\read_source.hpp">
      <Filter>include\buffers</Filter>
    </ClInclude>
    <ClInclude Include="C:\dev\repos\MungoG\cursor_boost\libs\capy\include\boost\capy\buffers\sink.hpp">
      <Filter>include\buffers</Filter>
    </ClInclude>
    <ClInclude Include="C:\dev\repos\MungoG\cursor_boost\libs\capy\include\boost\capy\buffers\slice.hpp">
      <Filter>include\buffers</Filter>
    </ClInclude>
    <ClInclude Include="C:\dev\repos\MungoG\cursor_boost\libs\capy\include\boost\capy\buffers\string_buffer.hpp">
      <Filter>include\buffers</Filter>
    </ClInclude>
    <ClInclude Include="C:\dev\repos\MungoG\cursor_boost\libs\capy\include\boost\capy\buffers\to_string.hpp">
      <Filter>include\buffers</Filter>
    </ClInclude>
    <ClInclude Include="C:\dev\repos\MungoG\cursor_boost\libs\capy\include\boost\capy\concept\affine_awaitable.hpp">
      <Filter>include\concept</Filter>
    </ClInclude>
    <ClInclude Include="C:\dev\repos\MungoG\cursor_boost\libs\capy\include\boost\capy\concept\data_source.hpp">
      <Filter>include\concept</Filter>
    </ClInclude>
    <ClInclude Include="C:\dev\repos\MungoG\cursor_boost\libs\capy\include\boost\capy\concept\dispatcher.hpp">
      <Filter>include\concept</Filter>
    </ClInclude>
    <ClInclude Include="C:\dev\repos\MungoG\cursor_boost\libs\capy\include\boost\capy\concept\dynamic_buffer.hpp">
      <Filter>include\concept</Filter>
    </ClInclude>
    <ClInclude Include="C:\dev\repos\MungoG\cursor_boost\libs\capy\include\boost\capy\concept\executor.hpp">
      <Filter>include\concept</Filter>
    </ClInclude>
    <ClInclude Include="C:\dev\repos\MungoG\cursor_boost\libs\capy\include\boost\capy\concept\frame_allocator.hpp">
      <Filter>include\concept</Filter>
    </ClInclude>
    <ClInclude Include="C:\dev\repos\MungoG\cursor_boost\libs\capy\include\boost\capy\concept\read_stream.hpp">
      <Filter>include\concept</Filter>
    </ClInclude>
    <ClInclude Include="C:\dev\repos\MungoG\cursor_boost\libs\capy\include\boost\capy\concept\stoppable_awaitable.hpp">
      <Filter>include\concept</Filter>
    </ClInclude>
    <ClInclude Include="C:\dev\repos\MungoG\cursor_boost\libs\capy\include\boost\capy\concept\write_stream.hpp">
      <Filter>include\concept</Filter>
    </ClInclude>
    <ClInclude Include="C:\dev\repos\MungoG\cursor_boost\libs\capy\include\boost\capy\cond.hpp">
      <Filter>include</Filter>
    </ClInclude>
    <ClInclude Include="C:\dev\repos\MungoG\cursor_boost\libs\capy\include\boost\capy\core\detail\call_traits.hpp">
      <Filter>include\core\detail</Filter>
    </ClInclude>
    <ClInclude Include="C:\dev\repos\MungoG\cursor_boost\libs\capy\include\boost\capy\core\detail\type_traits.hpp">
      <Filter>include\core\detail</Filter>
    </ClInclude>
    <ClInclude Include="C:\dev\repos\MungoG\cursor_boost\libs\capy\include\boost\capy\core\embed.hpp">
      <Filter>include\core</Filter>
    </ClInclude>
    <ClInclude Include="C:\dev\repos\MungoG\cursor_boost\libs\capy\include\boost\capy\core\intrusive_list.hpp">
      <Filter>include\core</Filter>
    </ClInclude>
    <ClInclude Include="C:\dev\repos\MungoG\cursor_boost\libs\capy\include\boost\capy\core\intrusive_queue.hpp">
      <Filter>include\core</Filter>
    </ClInclude>
    <ClInclude Include="C:\dev\repos\MungoG\cursor_boost\libs\capy\include\boost\capy\core\neunique_ptr.hpp">
      <Filter>include\core</Filter>
    </ClInclude>
    <ClInclude Include="C:\dev\repos\MungoG\cursor_boost\libs\capy\include\boost\capy\core\polystore.hpp">
      <Filter>include\core</Filter>
    </ClInclude>
    <ClInclude Include="C:\dev\repos\MungoG\cursor_boost\libs\capy\include\boost\capy\core\polystore_fwd.hpp">
      <Filter>include\core</Filter>
    </ClInclude>
    <ClInclude Include="C:\dev\repos\MungoG\cursor_boost\libs\capy\include\boost\capy\core\small_unique_ptr.hpp">
      <Filter>include\core</Filter>
    </ClInclude>
    <ClInclude Include="C:\dev\repos\MungoG\cursor_boost\libs\capy\include\boost\capy\core\thread_local_ptr.hpp">
      <Filter>include\core</Filter>
    </ClInclude>
    <ClInclude Include="C:\dev\repos\MungoG\cursor_boost\libs\capy\include\boost\capy\datastore.hpp">
      <Filter>include</Filter>
    </ClInclude>
    <ClInclude Include="C:\dev\repos\MungoG\cursor_boost\libs\capy\include\boost\capy\detail\config.hpp">
      <Filter>include\detail</Filter>
    </ClInclude>
    <ClInclude Include="C:\dev\repos\MungoG\cursor_boost\libs\capy\include\boost\capy\detail\except.hpp">
      <Filter>include\detail</Filter>
    </ClInclude>
    <ClInclude Include="C:\dev\repos\MungoG\cursor_boost\libs\capy\include\boost\capy\detail\file_posix.hpp">
      <Filter>include\detail</Filter>
    </ClInclude>
    <ClInclude Include="C:\dev\repos\MungoG\cursor_boost\libs\capy\include\boost\capy\detail\file_stdio.hpp">
      <Filter>include\detail</Filter>
    </ClInclude>
    <ClInclude Include="C:\dev\repos\MungoG\cursor_boost\libs\capy\include\boost\capy\detail\file_win32.hpp">
      <Filter>include\detail</Filter>
    </ClInclude>
    <ClInclude Include="C:\dev\repos\MungoG\cursor_boost\libs\capy\include\boost\capy\error.hpp">
      <Filter>include</Filter>
    </ClInclude>
    <ClInclude Include="C:\dev\repos\MungoG\cursor_boost\libs\capy\include\boost\capy\ex\any_coro.hpp">
      <Filter>include\ex</Filter>
    </ClInclude>
    <ClInclude Include="C:\dev\repos\MungoG\cursor_boost\libs\capy\include\boost\capy\ex\any_dispatcher.hpp">
      <Filter>include\ex</Filter>
    </ClInclude>
    <ClInclude Include="C:\dev\repos\MungoG\cursor_boost\libs\capy\include\boost\capy\ex\async_mutex.hpp">
      <Filter>include\ex</Filter>
    </ClInclude>
    <ClInclude Include="C:\dev\repos\MungoG\cursor_boost\libs\capy\include\boost\capy\ex\async_op.hpp">
      <Filter>include\ex</Filter>
    </ClInclude>
    <ClInclude Include="C:\dev\repos\MungoG\cursor_boost\libs\capy\include\boost\capy\ex\async_run.hpp">
      <Filter>include\ex</Filter>
    </ClInclude>
    <ClInclude Include="C:\dev\repos\MungoG\cursor_boost\libs\capy\include\boost\capy\ex\detail\recycling_frame_allocator.hpp">
      <Filter>include\ex\detail</Filter>
    </ClInclude>
    <ClInclude Include="C:\dev\repos\MungoG\cursor_boost\libs\capy\include\boost\capy\ex\execution_context.hpp">
      <Filter>include\ex</Filter>
    </ClInclude>
    <ClInclude Include="C:\dev\repos\MungoG\cursor_boost\libs\capy\include\boost\capy\ex\executor_work_guard.hpp">
      <Filter>include\ex</Filter>
    </ClInclude>
    <ClInclude Include="C:\dev\repos\MungoG\cursor_boost\libs\capy\include\boost\capy\ex\frame_allocator.hpp">
      <Filter>include\ex</Filter>
    </ClInclude>
    <ClInclude Include="C:\dev\repos\MungoG\cursor_boost\libs\capy\include\boost\capy\ex\make_affine.hpp">
      <Filter>include\ex</Filter>
    </ClInclude>
    <ClInclude Include="C:\dev\repos\MungoG\cursor_boost\libs\capy\include\boost\capy\ex\run_on.hpp">
      <Filter>include\ex</Filter>
    </ClInclude>
    <ClInclude Include="C:\dev\repos\MungoG\cursor_boost\libs\capy\include\boost\capy\ex\thread_pool.hpp">
      <Filter>include\ex</Filter>
    </ClInclude>
    <ClInclude Include="C:\dev\repos\MungoG\cursor_boost\libs\capy\include\boost\capy\file.hpp">
      <Filter>include</Filter>
    </ClInclude>
    <ClInclude Include="C:\dev\repos\MungoG\cursor_boost\libs\capy\include\boost\capy\file_mode.hpp">
      <Filter>include</Filter>
    </ClInclude>
    <ClInclude Include="C:\dev\repos\MungoG\cursor_boost\libs\capy\include\boost\capy\strand.hpp">
      <Filter>include</Filter>
    </ClInclude>
    <ClInclude Include="C:\dev\repos\MungoG\cursor_boost\libs\capy\include\boost\capy\task.hpp">
      <Filter>include</Filter>
    </ClInclude>
    <ClInclude Include="C:\dev\repos\MungoG\cursor_boost\libs\capy\include\boost\capy\when_all.hpp">
      <Filter>include</Filter>
    </ClInclude>
    <ClInclude Include="C:\dev\repos\MungoG\cursor_boost\libs\capy\src\bcrypt\base64.hpp">
      <Filter>src\bcrypt</Filter>
    </ClInclude>
    <ClInclude Include="C:\dev\repos\MungoG\cursor_boost\libs\capy\src\bcrypt\blowfish.hpp">
      <Filter>src\bcrypt</Filter>
    </ClInclude>
    <ClInclude Include="C:\dev\repos\MungoG\cursor_boost\libs\capy\src\bcrypt\crypt.hpp">
      <Filter>src\bcrypt</Filter>
    </ClInclude>
    <ClInclude Include="C:\dev\repos\MungoG\cursor_boost\libs\capy\src\bcrypt\random.hpp">
      <Filter>src\bcrypt</Filter>
    </ClInclude>
    <ClInclude Include="C:\dev\repos\MungoG\cursor_boost\libs\capy\src\detail\win32_unicode_path.hpp">
      <Filter>src\detail</Filter>
    </ClInclude>
  </ItemGroup>
  <ItemGroup>
    <CustomBuild Include="C:\dev\repos\MungoG\cursor_boost\libs\capy\CMakeLists.txt" />
  </ItemGroup>
  <ItemGroup>
    <None Include="C:\dev\repos\MungoG\cursor_boost\libs\capy\build\Jamfile" />
  </ItemGroup>
  <ItemGroup>
    <Filter Include="include">
      <UniqueIdentifier>{98C90C26-BD55-38BD-8A06-4FA32BCAE692}</UniqueIdentifier>
    </Filter>
    <Filter Include="include\bcrypt">
      <UniqueIdentifier>{9E524B24-3B9C-37C1-BCF2-1F5B092F1692}</UniqueIdentifier>
    </Filter>
    <Filter Include="include\buffers">
      <UniqueIdentifier>{39E62051-63E2-32B1-B861-42A3BCD6BC11}</UniqueIdentifier>
    </Filter>
    <Filter Include="include\buffers\detail">
      <UniqueIdentifier>{58F44FCC-7E24-3C82-B55E-4C084BBEE448}</UniqueIdentifier>
    </Filter>
    <Filter Include="include\concept">
      <UniqueIdentifier>{42B99A86-D8AE-396A-BE55-3B1505F9BC62}</UniqueIdentifier>
    </Filter>
    <Filter Include="include\core">
      <UniqueIdentifier>{51599C16-4EF1-318B-838D-F0D0A93B4FE7}</UniqueIdentifier>
    </Filter>
    <Filter Include="include\core\detail">
      <UniqueIdentifier>{21DF3AA7-E413-3EFE-80F2-DBBF0028C6F7}</UniqueIdentifier>
    </Filter>
    <Filter Include="include\detail">
      <UniqueIdentifier>{CDCBA84D-D1B7-377C-8A22-985960A81C8F}</UniqueIdentifier>
    </Filter>
    <Filter Include="include\ex">
      <UniqueIdentifier>{F52867AE-C492-3BF1-8ED1-08A175CB09C7}</UniqueIdentifier>
    </Filter>
    <Filter Include="include\ex\detail">
      <UniqueIdentifier>{36E94FD2-0445-3C07-B2A5-E9F2FA8BB2DF}</UniqueIdentifier>
    </Filter>
    <Filter Include="src">
      <UniqueIdentifier>{C9E4D543-1D8A-3074-9BF6-E22E0CCADB1B}</UniqueIdentifier>
    </Filter>
    <Filter Include="src\bcrypt">
      <UniqueIdentifier>{4BCB5B93-8A37-39EF-903C-E2348693392A}</UniqueIdentifier>
    </Filter>
    <Filter Include="src\brotli">
      <UniqueIdentifier>{A6680C82-DB66-367D-A7D5-C90AB2A2B768}</UniqueIdentifier>
    </Filter>
    <Filter Include="src\buffers">
      <UniqueIdentifier>{45E7CFD0-08CF-38D0-9254-53F3CA81E201}</UniqueIdentifier>
    </Filter>
    <Filter Include="src\buffers\detail">
      <UniqueIdentifier>{594EDB65-F785-32E4-A7CD-BB435CB025AF}</UniqueIdentifier>
    </Filter>
    <Filter Include="src\core">
      <UniqueIdentifier>{A4F069BE-8CB8-34F8-B429-EF7C4482B029}</UniqueIdentifier>
    </Filter>
    <Filter Include="src\detail">
      <UniqueIdentifier>{F03E2187-64F2-3F1E-AA50-D6D1AEA5E2E6}</UniqueIdentifier>
    </Filter>
    <Filter Include="src\ex">
      <UniqueIdentifier>{13081A7B-C1D6-3234-A664-5A91A8EEA757}</UniqueIdentifier>
    </Filter>
    <Filter Include="src\zlib">
      <UniqueIdentifier>{A1AB383B-12D2-3093-B0A0-18AA7075AD05}</UniqueIdentifier>
    </Filter>
  </ItemGroup>
</Project>
