<?xml version="1.0" encoding="utf-8"?>
<Project ToolsVersion="17.0" xmlns="http://schemas.microsoft.com/developer/msbuild/2003">
  <ItemGroup>
    <ClCompile Include="C:\dev\repos\MungoG\cursor_boost\libs\url\extra\test_suite\test_suite.cpp">
      <Filter>Source Files</Filter>
    </ClCompile>
  </ItemGroup>
  <ItemGroup>
    <ClInclude Include="C:\dev\repos\MungoG\cursor_boost\libs\url\extra\test_suite\test_suite.hpp">
      <Filter>Header Files</Filter>
    </ClInclude>
  </ItemGroup>
  <ItemGroup>
    <CustomBuild Include="C:\dev\repos\MungoG\cursor_boost\libs\url\extra\test_suite\CMakeLists.txt" />
  </ItemGroup>
  <ItemGroup>
    <Filter Include="Header Files">
      <UniqueIdentifier>{701D4CF3-70BB-33C2-A6FE-35E5BC438A1A}</UniqueIdentifier>
    </Filter>
    <Filter Include="Source Files">
      <UniqueIdentifier>{80E342EE-0EAC-388F-BDAD-9540D7F8042B}</UniqueIdentifier>
    </Filter>
  </ItemGroup>
</Project>
